// !$*UTF8*$!
{
	archiveVersion = 1;
	classes = {
	};
	objectVersion = 46;
	objects = {

/* Begin PBXBuildFile section */
		5B1DB7AB1C00450A00712397 /* main.m in Sources */ = {isa = PBXBuildFile; fileRef = 5B1DB7AA1C00450A00712397 /* main.m */; };
		5B1DB7AE1C00450A00712397 /* AppDelegate.m in Sources */ = {isa = PBXBuildFile; fileRef = 5B1DB7AD1C00450A00712397 /* AppDelegate.m */; };
		5B1DB7B11C00450A00712397 /* ViewController.m in Sources */ = {isa = PBXBuildFile; fileRef = 5B1DB7B01C00450A00712397 /* ViewController.m */; };
		5B1DB7B41C00450A00712397 /* Main.storyboard in Resources */ = {isa = PBXBuildFile; fileRef = 5B1DB7B21C00450A00712397 /* Main.storyboard */; };
		5B1DB7B61C00450A00712397 /* Assets.xcassets in Resources */ = {isa = PBXBuildFile; fileRef = 5B1DB7B51C00450A00712397 /* Assets.xcassets */; };
		5B1DB7B91C00450A00712397 /* LaunchScreen.storyboard in Resources */ = {isa = PBXBuildFile; fileRef = 5B1DB7B71C00450A00712397 /* LaunchScreen.storyboard */; };
		5B200EC91C02B99D00492434 /* NSString+Contains.m in Sources */ = {isa = PBXBuildFile; fileRef = 5B200EB11C02B99D00492434 /* NSString+Contains.m */; };
		5B200ECA1C02B99D00492434 /* NSString+DictionaryValue.m in Sources */ = {isa = PBXBuildFile; fileRef = 5B200EB31C02B99D00492434 /* NSString+DictionaryValue.m */; };
		5B200ECB1C02B99D00492434 /* NSString+Emoji.m in Sources */ = {isa = PBXBuildFile; fileRef = 5B200EB51C02B99D00492434 /* NSString+Emoji.m */; };
		5B200ECD1C02B99D00492434 /* NSString+Hash.m in Sources */ = {isa = PBXBuildFile; fileRef = 5B200EB91C02B99D00492434 /* NSString+Hash.m */; };
		5B200ECE1C02B99D00492434 /* NSString+MIME.m in Sources */ = {isa = PBXBuildFile; fileRef = 5B200EBB1C02B99D00492434 /* NSString+MIME.m */; };
		5B200ECF1C02B99D00492434 /* NSString+RemoveEmoji.m in Sources */ = {isa = PBXBuildFile; fileRef = 5B200EBD1C02B99D00492434 /* NSString+RemoveEmoji.m */; };
		5B200ED11C02B99D00492434 /* NSString+Trims.m in Sources */ = {isa = PBXBuildFile; fileRef = 5B200EC11C02B99D00492434 /* NSString+Trims.m */; };
		5B200ED21C02B99D00492434 /* NSString+UrlEncode.m in Sources */ = {isa = PBXBuildFile; fileRef = 5B200EC31C02B99D00492434 /* NSString+UrlEncode.m */; };
		5B200ED31C02B99D00492434 /* NSString+Util.m in Sources */ = {isa = PBXBuildFile; fileRef = 5B200EC51C02B99D00492434 /* NSString+Util.m */; };
		5B200ED41C02B99D00492434 /* NSString+UUID.m in Sources */ = {isa = PBXBuildFile; fileRef = 5B200EC71C02B99D00492434 /* NSString+UUID.m */; };
		5B200EDF1C02B9D000492434 /* NSData+Encrypt.m in Sources */ = {isa = PBXBuildFile; fileRef = 5B200ED91C02B9D000492434 /* NSData+Encrypt.m */; };
		5B200EE11C02B9D000492434 /* NSData+SDDataCache.m in Sources */ = {isa = PBXBuildFile; fileRef = 5B200EDD1C02B9D000492434 /* NSData+SDDataCache.m */; };
		5B200F051C02BB8F00492434 /* NSArray+Block.m in Sources */ = {isa = PBXBuildFile; fileRef = 5B200EE41C02BB8F00492434 /* NSArray+Block.m */; };
		5B200F061C02BB8F00492434 /* NSArray+SafeAccess.m in Sources */ = {isa = PBXBuildFile; fileRef = 5B200EE61C02BB8F00492434 /* NSArray+SafeAccess.m */; };
		5B200F071C02BB8F00492434 /* NSDate+Extension.m in Sources */ = {isa = PBXBuildFile; fileRef = 5B200EE91C02BB8F00492434 /* NSDate+Extension.m */; };
		5B200F081C02BB8F00492434 /* NSDate+Formatter.m in Sources */ = {isa = PBXBuildFile; fileRef = 5B200EEB1C02BB8F00492434 /* NSDate+Formatter.m */; };
		5B200F091C02BB8F00492434 /* NSDate+Reporting.m in Sources */ = {isa = PBXBuildFile; fileRef = 5B200EED1C02BB8F00492434 /* NSDate+Reporting.m */; };
		5B200F0A1C02BB8F00492434 /* NSDate+Utilities.m in Sources */ = {isa = PBXBuildFile; fileRef = 5B200EEF1C02BB8F00492434 /* NSDate+Utilities.m */; };
		5B200F0C1C02BB8F00492434 /* NSObject+AddProperty.m in Sources */ = {isa = PBXBuildFile; fileRef = 5B200EF41C02BB8F00492434 /* NSObject+AddProperty.m */; };
		5B200F0D1C02BB8F00492434 /* NSObject+AssociatedObject.m in Sources */ = {isa = PBXBuildFile; fileRef = 5B200EF61C02BB8F00492434 /* NSObject+AssociatedObject.m */; };
		5B200F0F1C02BB8F00492434 /* NSObject+Blocks.m in Sources */ = {isa = PBXBuildFile; fileRef = 5B200EFA1C02BB8F00492434 /* NSObject+Blocks.m */; };
		5B200F101C02BB8F00492434 /* NSObject+GCD.m in Sources */ = {isa = PBXBuildFile; fileRef = 5B200EFC1C02BB8F00492434 /* NSObject+GCD.m */; };
		5B200F111C02BB8F00492434 /* NSObject+KVOBlocks.m in Sources */ = {isa = PBXBuildFile; fileRef = 5B200EFE1C02BB8F00492434 /* NSObject+KVOBlocks.m */; };
		5B200F121C02BB8F00492434 /* NSObject+MKBlockTimer.m in Sources */ = {isa = PBXBuildFile; fileRef = 5B200F001C02BB8F00492434 /* NSObject+MKBlockTimer.m */; };
		5B200F131C02BB8F00492434 /* NSObject+Property.m in Sources */ = {isa = PBXBuildFile; fileRef = 5B200F021C02BB8F00492434 /* NSObject+Property.m */; };
		5B200F141C02BB8F00492434 /* NSObject+Runtime.m in Sources */ = {isa = PBXBuildFile; fileRef = 5B200F041C02BB8F00492434 /* NSObject+Runtime.m */; };
		5B200F211C02BCCF00492434 /* NSDateFormatter+Make.m in Sources */ = {isa = PBXBuildFile; fileRef = 5B200F171C02BCCF00492434 /* NSDateFormatter+Make.m */; };
		5B200F221C02BCCF00492434 /* NSDictionary+Block.m in Sources */ = {isa = PBXBuildFile; fileRef = 5B200F1A1C02BCCF00492434 /* NSDictionary+Block.m */; };
		5B200F231C02BCCF00492434 /* NSDictionary+JSONString.m in Sources */ = {isa = PBXBuildFile; fileRef = 5B200F1C1C02BCCF00492434 /* NSDictionary+JSONString.m */; };
		5B200F241C02BCCF00492434 /* NSDictionary+Merge.m in Sources */ = {isa = PBXBuildFile; fileRef = 5B200F1E1C02BCCF00492434 /* NSDictionary+Merge.m */; };
		5B200F251C02BCCF00492434 /* NSDictionary+SafeAccess.m in Sources */ = {isa = PBXBuildFile; fileRef = 5B200F201C02BCCF00492434 /* NSDictionary+SafeAccess.m */; };
		5B200F2B1C02BD0A00492434 /* NSTimer+Addition.m in Sources */ = {isa = PBXBuildFile; fileRef = 5B200F281C02BD0A00492434 /* NSTimer+Addition.m */; };
		5B200F2C1C02BD0A00492434 /* NSTimer+Blocks.m in Sources */ = {isa = PBXBuildFile; fileRef = 5B200F2A1C02BD0A00492434 /* NSTimer+Blocks.m */; };
		5B200F581C02BD5000492434 /* UIButton+BackgroundColor.m in Sources */ = {isa = PBXBuildFile; fileRef = 5B200F301C02BD5000492434 /* UIButton+BackgroundColor.m */; };
		5B200F591C02BD5000492434 /* UIButton+Block.m in Sources */ = {isa = PBXBuildFile; fileRef = 5B200F321C02BD5000492434 /* UIButton+Block.m */; };
		5B200F5A1C02BD5000492434 /* UIButton+CountDown.m in Sources */ = {isa = PBXBuildFile; fileRef = 5B200F341C02BD5000492434 /* UIButton+CountDown.m */; };
		5B200F5B1C02BD5000492434 /* UIButton+Indicator.m in Sources */ = {isa = PBXBuildFile; fileRef = 5B200F361C02BD5000492434 /* UIButton+Indicator.m */; };
		5B200F5C1C02BD5000492434 /* UIButton+Submitting.m in Sources */ = {isa = PBXBuildFile; fileRef = 5B200F381C02BD5000492434 /* UIButton+Submitting.m */; };
		5B200F5D1C02BD5000492434 /* UIDevice+Hardware.m in Sources */ = {isa = PBXBuildFile; fileRef = 5B200F3B1C02BD5000492434 /* UIDevice+Hardware.m */; };
		5B200F5E1C02BD5000492434 /* UIImage+Alpha.m in Sources */ = {isa = PBXBuildFile; fileRef = 5B200F3E1C02BD5000492434 /* UIImage+Alpha.m */; };
		5B200F5F1C02BD5000492434 /* UIImage+animatedGIF.m in Sources */ = {isa = PBXBuildFile; fileRef = 5B200F401C02BD5000492434 /* UIImage+animatedGIF.m */; };
		5B200F601C02BD5000492434 /* UIImage+Capture.m in Sources */ = {isa = PBXBuildFile; fileRef = 5B200F421C02BD5000492434 /* UIImage+Capture.m */; };
		5B200F611C02BD5000492434 /* UIImage+Color.m in Sources */ = {isa = PBXBuildFile; fileRef = 5B200F441C02BD5000492434 /* UIImage+Color.m */; };
		5B200F621C02BD5000492434 /* UIImage+FileName.m in Sources */ = {isa = PBXBuildFile; fileRef = 5B200F461C02BD5000492434 /* UIImage+FileName.m */; };
		5B200F631C02BD5000492434 /* UIImage+FX.m in Sources */ = {isa = PBXBuildFile; fileRef = 5B200F481C02BD5000492434 /* UIImage+FX.m */; };
		5B200F641C02BD5000492434 /* UIImage+GIF.m in Sources */ = {isa = PBXBuildFile; fileRef = 5B200F4A1C02BD5000492434 /* UIImage+GIF.m */; };
		5B200F651C02BD5000492434 /* UIImage+Merge.m in Sources */ = {isa = PBXBuildFile; fileRef = 5B200F4C1C02BD5000492434 /* UIImage+Merge.m */; };
		5B200F671C02BD5000492434 /* UIImage+RemoteSize.m in Sources */ = {isa = PBXBuildFile; fileRef = 5B200F501C02BD5000492434 /* UIImage+RemoteSize.m */; };
		5B200F691C02BD5000492434 /* UIImage+RoundedCorner.m in Sources */ = {isa = PBXBuildFile; fileRef = 5B200F541C02BD5000492434 /* UIImage+RoundedCorner.m */; };
		5B200F831C02BE7900492434 /* UIViewController+MJPopupViewController.m in Sources */ = {isa = PBXBuildFile; fileRef = 5B200F6D1C02BE7900492434 /* UIViewController+MJPopupViewController.m */; };
		5B200F851C02BE7900492434 /* UIViewController+TopBarMessage.m in Sources */ = {isa = PBXBuildFile; fileRef = 5B200F711C02BE7900492434 /* UIViewController+TopBarMessage.m */; };
		5B200FA61C02BFB800492434 /* UIView+BlockGesture.m in Sources */ = {isa = PBXBuildFile; fileRef = 5B200F921C02BFB800492434 /* UIView+BlockGesture.m */; };
		5B200FA71C02BFB800492434 /* UIView+Constraints.m in Sources */ = {isa = PBXBuildFile; fileRef = 5B200F941C02BFB800492434 /* UIView+Constraints.m */; };
		5B200FA91C02BFB800492434 /* UIView+Find.m in Sources */ = {isa = PBXBuildFile; fileRef = 5B200F981C02BFB800492434 /* UIView+Find.m */; };
		5B200FAA1C02BFB800492434 /* UIView+Frame.m in Sources */ = {isa = PBXBuildFile; fileRef = 5B200F9A1C02BFB800492434 /* UIView+Frame.m */; };
		5B200FAB1C02BFB800492434 /* UIView+Nib.m in Sources */ = {isa = PBXBuildFile; fileRef = 5B200F9C1C02BFB800492434 /* UIView+Nib.m */; };
		5B200FAD1C02BFB800492434 /* UIView+Screenshot.m in Sources */ = {isa = PBXBuildFile; fileRef = 5B200FA01C02BFB800492434 /* UIView+Screenshot.m */; };
		5B200FAE1C02BFB800492434 /* UIView+Toast.m in Sources */ = {isa = PBXBuildFile; fileRef = 5B200FA21C02BFB800492434 /* UIView+Toast.m */; };
		5B200FB61C02C0F400492434 /* UITextField+Blocks.m in Sources */ = {isa = PBXBuildFile; fileRef = 5B200FB21C02C0F400492434 /* UITextField+Blocks.m */; };
		5B200FB71C02C0F400492434 /* UITextView+PlaceHolder.m in Sources */ = {isa = PBXBuildFile; fileRef = 5B200FB51C02C0F400492434 /* UITextView+PlaceHolder.m */; };
/* End PBXBuildFile section */

/* Begin PBXFileReference section */
		5B1DB7A61C00450A00712397 /* iOS_Category.app */ = {isa = PBXFileReference; explicitFileType = wrapper.application; includeInIndex = 0; path = iOS_Category.app; sourceTree = BUILT_PRODUCTS_DIR; };
		5B1DB7AA1C00450A00712397 /* main.m */ = {isa = PBXFileReference; lastKnownFileType = sourcecode.c.objc; path = main.m; sourceTree = "<group>"; };
		5B1DB7AC1C00450A00712397 /* AppDelegate.h */ = {isa = PBXFileReference; lastKnownFileType = sourcecode.c.h; path = AppDelegate.h; sourceTree = "<group>"; };
		5B1DB7AD1C00450A00712397 /* AppDelegate.m */ = {isa = PBXFileReference; lastKnownFileType = sourcecode.c.objc; path = AppDelegate.m; sourceTree = "<group>"; };
		5B1DB7AF1C00450A00712397 /* ViewController.h */ = {isa = PBXFileReference; lastKnownFileType = sourcecode.c.h; path = ViewController.h; sourceTree = "<group>"; };
		5B1DB7B01C00450A00712397 /* ViewController.m */ = {isa = PBXFileReference; lastKnownFileType = sourcecode.c.objc; path = ViewController.m; sourceTree = "<group>"; };
		5B1DB7B31C00450A00712397 /* Base */ = {isa = PBXFileReference; lastKnownFileType = file.storyboard; name = Base; path = Base.lproj/Main.storyboard; sourceTree = "<group>"; };
		5B1DB7B51C00450A00712397 /* Assets.xcassets */ = {isa = PBXFileReference; lastKnownFileType = folder.assetcatalog; path = Assets.xcassets; sourceTree = "<group>"; };
		5B1DB7B81C00450A00712397 /* Base */ = {isa = PBXFileReference; lastKnownFileType = file.storyboard; name = Base; path = Base.lproj/LaunchScreen.storyboard; sourceTree = "<group>"; };
		5B1DB7BA1C00450A00712397 /* Info.plist */ = {isa = PBXFileReference; lastKnownFileType = text.plist.xml; path = Info.plist; sourceTree = "<group>"; };
		5B200EB01C02B99D00492434 /* NSString+Contains.h */ = {isa = PBXFileReference; fileEncoding = 4; lastKnownFileType = sourcecode.c.h; path = "NSString+Contains.h"; sourceTree = "<group>"; };
		5B200EB11C02B99D00492434 /* NSString+Contains.m */ = {isa = PBXFileReference; fileEncoding = 4; lastKnownFileType = sourcecode.c.objc; path = "NSString+Contains.m"; sourceTree = "<group>"; };
		5B200EB21C02B99D00492434 /* NSString+DictionaryValue.h */ = {isa = PBXFileReference; fileEncoding = 4; lastKnownFileType = sourcecode.c.h; path = "NSString+DictionaryValue.h"; sourceTree = "<group>"; };
		5B200EB31C02B99D00492434 /* NSString+DictionaryValue.m */ = {isa = PBXFileReference; fileEncoding = 4; lastKnownFileType = sourcecode.c.objc; path = "NSString+DictionaryValue.m"; sourceTree = "<group>"; };
		5B200EB41C02B99D00492434 /* NSString+Emoji.h */ = {isa = PBXFileReference; fileEncoding = 4; lastKnownFileType = sourcecode.c.h; path = "NSString+Emoji.h"; sourceTree = "<group>"; };
		5B200EB51C02B99D00492434 /* NSString+Emoji.m */ = {isa = PBXFileReference; fileEncoding = 4; lastKnownFileType = sourcecode.c.objc; path = "NSString+Emoji.m"; sourceTree = "<group>"; };
		5B200EB81C02B99D00492434 /* NSString+Hash.h */ = {isa = PBXFileReference; fileEncoding = 4; lastKnownFileType = sourcecode.c.h; path = "NSString+Hash.h"; sourceTree = "<group>"; };
		5B200EB91C02B99D00492434 /* NSString+Hash.m */ = {isa = PBXFileReference; fileEncoding = 4; lastKnownFileType = sourcecode.c.objc; path = "NSString+Hash.m"; sourceTree = "<group>"; };
		5B200EBA1C02B99D00492434 /* NSString+MIME.h */ = {isa = PBXFileReference; fileEncoding = 4; lastKnownFileType = sourcecode.c.h; path = "NSString+MIME.h"; sourceTree = "<group>"; };
		5B200EBB1C02B99D00492434 /* NSString+MIME.m */ = {isa = PBXFileReference; fileEncoding = 4; lastKnownFileType = sourcecode.c.objc; path = "NSString+MIME.m"; sourceTree = "<group>"; };
		5B200EBC1C02B99D00492434 /* NSString+RemoveEmoji.h */ = {isa = PBXFileReference; fileEncoding = 4; lastKnownFileType = sourcecode.c.h; path = "NSString+RemoveEmoji.h"; sourceTree = "<group>"; };
		5B200EBD1C02B99D00492434 /* NSString+RemoveEmoji.m */ = {isa = PBXFileReference; fileEncoding = 4; lastKnownFileType = sourcecode.c.objc; path = "NSString+RemoveEmoji.m"; sourceTree = "<group>"; };
		5B200EC01C02B99D00492434 /* NSString+Trims.h */ = {isa = PBXFileReference; fileEncoding = 4; lastKnownFileType = sourcecode.c.h; path = "NSString+Trims.h"; sourceTree = "<group>"; };
		5B200EC11C02B99D00492434 /* NSString+Trims.m */ = {isa = PBXFileReference; fileEncoding = 4; lastKnownFileType = sourcecode.c.objc; path = "NSString+Trims.m"; sourceTree = "<group>"; };
		5B200EC21C02B99D00492434 /* NSString+UrlEncode.h */ = {isa = PBXFileReference; fileEncoding = 4; lastKnownFileType = sourcecode.c.h; path = "NSString+UrlEncode.h"; sourceTree = "<group>"; };
		5B200EC31C02B99D00492434 /* NSString+UrlEncode.m */ = {isa = PBXFileReference; fileEncoding = 4; lastKnownFileType = sourcecode.c.objc; path = "NSString+UrlEncode.m"; sourceTree = "<group>"; };
		5B200EC41C02B99D00492434 /* NSString+Util.h */ = {isa = PBXFileReference; fileEncoding = 4; lastKnownFileType = sourcecode.c.h; path = "NSString+Util.h"; sourceTree = "<group>"; };
		5B200EC51C02B99D00492434 /* NSString+Util.m */ = {isa = PBXFileReference; fileEncoding = 4; lastKnownFileType = sourcecode.c.objc; path = "NSString+Util.m"; sourceTree = "<group>"; };
		5B200EC61C02B99D00492434 /* NSString+UUID.h */ = {isa = PBXFileReference; fileEncoding = 4; lastKnownFileType = sourcecode.c.h; path = "NSString+UUID.h"; sourceTree = "<group>"; };
		5B200EC71C02B99D00492434 /* NSString+UUID.m */ = {isa = PBXFileReference; fileEncoding = 4; lastKnownFileType = sourcecode.c.objc; path = "NSString+UUID.m"; sourceTree = "<group>"; };
		5B200ED81C02B9D000492434 /* NSData+Encrypt.h */ = {isa = PBXFileReference; fileEncoding = 4; lastKnownFileType = sourcecode.c.h; path = "NSData+Encrypt.h"; sourceTree = "<group>"; };
		5B200ED91C02B9D000492434 /* NSData+Encrypt.m */ = {isa = PBXFileReference; fileEncoding = 4; lastKnownFileType = sourcecode.c.objc; path = "NSData+Encrypt.m"; sourceTree = "<group>"; };
		5B200EDC1C02B9D000492434 /* NSData+SDDataCache.h */ = {isa = PBXFileReference; fileEncoding = 4; lastKnownFileType = sourcecode.c.h; path = "NSData+SDDataCache.h"; sourceTree = "<group>"; };
		5B200EDD1C02B9D000492434 /* NSData+SDDataCache.m */ = {isa = PBXFileReference; fileEncoding = 4; lastKnownFileType = sourcecode.c.objc; path = "NSData+SDDataCache.m"; sourceTree = "<group>"; };
		5B200EE31C02BB8F00492434 /* NSArray+Block.h */ = {isa = PBXFileReference; fileEncoding = 4; lastKnownFileType = sourcecode.c.h; path = "NSArray+Block.h"; sourceTree = "<group>"; };
		5B200EE41C02BB8F00492434 /* NSArray+Block.m */ = {isa = PBXFileReference; fileEncoding = 4; lastKnownFileType = sourcecode.c.objc; path = "NSArray+Block.m"; sourceTree = "<group>"; };
		5B200EE51C02BB8F00492434 /* NSArray+SafeAccess.h */ = {isa = PBXFileReference; fileEncoding = 4; lastKnownFileType = sourcecode.c.h; path = "NSArray+SafeAccess.h"; sourceTree = "<group>"; };
		5B200EE61C02BB8F00492434 /* NSArray+SafeAccess.m */ = {isa = PBXFileReference; fileEncoding = 4; lastKnownFileType = sourcecode.c.objc; path = "NSArray+SafeAccess.m"; sourceTree = "<group>"; };
		5B200EE81C02BB8F00492434 /* NSDate+Extension.h */ = {isa = PBXFileReference; fileEncoding = 4; lastKnownFileType = sourcecode.c.h; path = "NSDate+Extension.h"; sourceTree = "<group>"; };
		5B200EE91C02BB8F00492434 /* NSDate+Extension.m */ = {isa = PBXFileReference; fileEncoding = 4; lastKnownFileType = sourcecode.c.objc; path = "NSDate+Extension.m"; sourceTree = "<group>"; };
		5B200EEA1C02BB8F00492434 /* NSDate+Formatter.h */ = {isa = PBXFileReference; fileEncoding = 4; lastKnownFileType = sourcecode.c.h; path = "NSDate+Formatter.h"; sourceTree = "<group>"; };
		5B200EEB1C02BB8F00492434 /* NSDate+Formatter.m */ = {isa = PBXFileReference; fileEncoding = 4; lastKnownFileType = sourcecode.c.objc; path = "NSDate+Formatter.m"; sourceTree = "<group>"; };
		5B200EEC1C02BB8F00492434 /* NSDate+Reporting.h */ = {isa = PBXFileReference; fileEncoding = 4; lastKnownFileType = sourcecode.c.h; path = "NSDate+Reporting.h"; sourceTree = "<group>"; };
		5B200EED1C02BB8F00492434 /* NSDate+Reporting.m */ = {isa = PBXFileReference; fileEncoding = 4; lastKnownFileType = sourcecode.c.objc; path = "NSDate+Reporting.m"; sourceTree = "<group>"; };
		5B200EEE1C02BB8F00492434 /* NSDate+Utilities.h */ = {isa = PBXFileReference; fileEncoding = 4; lastKnownFileType = sourcecode.c.h; path = "NSDate+Utilities.h"; sourceTree = "<group>"; };
		5B200EEF1C02BB8F00492434 /* NSDate+Utilities.m */ = {isa = PBXFileReference; fileEncoding = 4; lastKnownFileType = sourcecode.c.objc; path = "NSDate+Utilities.m"; sourceTree = "<group>"; };
		5B200EF31C02BB8F00492434 /* NSObject+AddProperty.h */ = {isa = PBXFileReference; fileEncoding = 4; lastKnownFileType = sourcecode.c.h; path = "NSObject+AddProperty.h"; sourceTree = "<group>"; };
		5B200EF41C02BB8F00492434 /* NSObject+AddProperty.m */ = {isa = PBXFileReference; fileEncoding = 4; lastKnownFileType = sourcecode.c.objc; path = "NSObject+AddProperty.m"; sourceTree = "<group>"; };
		5B200EF51C02BB8F00492434 /* NSObject+AssociatedObject.h */ = {isa = PBXFileReference; fileEncoding = 4; lastKnownFileType = sourcecode.c.h; path = "NSObject+AssociatedObject.h"; sourceTree = "<group>"; };
		5B200EF61C02BB8F00492434 /* NSObject+AssociatedObject.m */ = {isa = PBXFileReference; fileEncoding = 4; lastKnownFileType = sourcecode.c.objc; path = "NSObject+AssociatedObject.m"; sourceTree = "<group>"; };
		5B200EF91C02BB8F00492434 /* NSObject+Blocks.h */ = {isa = PBXFileReference; fileEncoding = 4; lastKnownFileType = sourcecode.c.h; path = "NSObject+Blocks.h"; sourceTree = "<group>"; };
		5B200EFA1C02BB8F00492434 /* NSObject+Blocks.m */ = {isa = PBXFileReference; fileEncoding = 4; lastKnownFileType = sourcecode.c.objc; path = "NSObject+Blocks.m"; sourceTree = "<group>"; };
		5B200EFB1C02BB8F00492434 /* NSObject+GCD.h */ = {isa = PBXFileReference; fileEncoding = 4; lastKnownFileType = sourcecode.c.h; path = "NSObject+GCD.h"; sourceTree = "<group>"; };
		5B200EFC1C02BB8F00492434 /* NSObject+GCD.m */ = {isa = PBXFileReference; fileEncoding = 4; lastKnownFileType = sourcecode.c.objc; path = "NSObject+GCD.m"; sourceTree = "<group>"; };
		5B200EFD1C02BB8F00492434 /* NSObject+KVOBlocks.h */ = {isa = PBXFileReference; fileEncoding = 4; lastKnownFileType = sourcecode.c.h; path = "NSObject+KVOBlocks.h"; sourceTree = "<group>"; };
		5B200EFE1C02BB8F00492434 /* NSObject+KVOBlocks.m */ = {isa = PBXFileReference; fileEncoding = 4; lastKnownFileType = sourcecode.c.objc; path = "NSObject+KVOBlocks.m"; sourceTree = "<group>"; };
		5B200EFF1C02BB8F00492434 /* NSObject+MKBlockTimer.h */ = {isa = PBXFileReference; fileEncoding = 4; lastKnownFileType = sourcecode.c.h; path = "NSObject+MKBlockTimer.h"; sourceTree = "<group>"; };
		5B200F001C02BB8F00492434 /* NSObject+MKBlockTimer.m */ = {isa = PBXFileReference; fileEncoding = 4; lastKnownFileType = sourcecode.c.objc; path = "NSObject+MKBlockTimer.m"; sourceTree = "<group>"; };
		5B200F011C02BB8F00492434 /* NSObject+Property.h */ = {isa = PBXFileReference; fileEncoding = 4; lastKnownFileType = sourcecode.c.h; path = "NSObject+Property.h"; sourceTree = "<group>"; };
		5B200F021C02BB8F00492434 /* NSObject+Property.m */ = {isa = PBXFileReference; fileEncoding = 4; lastKnownFileType = sourcecode.c.objc; path = "NSObject+Property.m"; sourceTree = "<group>"; };
		5B200F031C02BB8F00492434 /* NSObject+Runtime.h */ = {isa = PBXFileReference; fileEncoding = 4; lastKnownFileType = sourcecode.c.h; path = "NSObject+Runtime.h"; sourceTree = "<group>"; };
		5B200F041C02BB8F00492434 /* NSObject+Runtime.m */ = {isa = PBXFileReference; fileEncoding = 4; lastKnownFileType = sourcecode.c.objc; path = "NSObject+Runtime.m"; sourceTree = "<group>"; };
		5B200F161C02BCCF00492434 /* NSDateFormatter+Make.h */ = {isa = PBXFileReference; fileEncoding = 4; lastKnownFileType = sourcecode.c.h; path = "NSDateFormatter+Make.h"; sourceTree = "<group>"; };
		5B200F171C02BCCF00492434 /* NSDateFormatter+Make.m */ = {isa = PBXFileReference; fileEncoding = 4; lastKnownFileType = sourcecode.c.objc; path = "NSDateFormatter+Make.m"; sourceTree = "<group>"; };
		5B200F191C02BCCF00492434 /* NSDictionary+Block.h */ = {isa = PBXFileReference; fileEncoding = 4; lastKnownFileType = sourcecode.c.h; path = "NSDictionary+Block.h"; sourceTree = "<group>"; };
		5B200F1A1C02BCCF00492434 /* NSDictionary+Block.m */ = {isa = PBXFileReference; fileEncoding = 4; lastKnownFileType = sourcecode.c.objc; path = "NSDictionary+Block.m"; sourceTree = "<group>"; };
		5B200F1B1C02BCCF00492434 /* NSDictionary+JSONString.h */ = {isa = PBXFileReference; fileEncoding = 4; lastKnownFileType = sourcecode.c.h; path = "NSDictionary+JSONString.h"; sourceTree = "<group>"; };
		5B200F1C1C02BCCF00492434 /* NSDictionary+JSONString.m */ = {isa = PBXFileReference; fileEncoding = 4; lastKnownFileType = sourcecode.c.objc; path = "NSDictionary+JSONString.m"; sourceTree = "<group>"; };
		5B200F1D1C02BCCF00492434 /* NSDictionary+Merge.h */ = {isa = PBXFileReference; fileEncoding = 4; lastKnownFileType = sourcecode.c.h; path = "NSDictionary+Merge.h"; sourceTree = "<group>"; };
		5B200F1E1C02BCCF00492434 /* NSDictionary+Merge.m */ = {isa = PBXFileReference; fileEncoding = 4; lastKnownFileType = sourcecode.c.objc; path = "NSDictionary+Merge.m"; sourceTree = "<group>"; };
		5B200F1F1C02BCCF00492434 /* NSDictionary+SafeAccess.h */ = {isa = PBXFileReference; fileEncoding = 4; lastKnownFileType = sourcecode.c.h; path = "NSDictionary+SafeAccess.h"; sourceTree = "<group>"; };
		5B200F201C02BCCF00492434 /* NSDictionary+SafeAccess.m */ = {isa = PBXFileReference; fileEncoding = 4; lastKnownFileType = sourcecode.c.objc; path = "NSDictionary+SafeAccess.m"; sourceTree = "<group>"; };
		5B200F271C02BD0A00492434 /* NSTimer+Addition.h */ = {isa = PBXFileReference; fileEncoding = 4; lastKnownFileType = sourcecode.c.h; path = "NSTimer+Addition.h"; sourceTree = "<group>"; };
		5B200F281C02BD0A00492434 /* NSTimer+Addition.m */ = {isa = PBXFileReference; fileEncoding = 4; lastKnownFileType = sourcecode.c.objc; path = "NSTimer+Addition.m"; sourceTree = "<group>"; };
		5B200F291C02BD0A00492434 /* NSTimer+Blocks.h */ = {isa = PBXFileReference; fileEncoding = 4; lastKnownFileType = sourcecode.c.h; path = "NSTimer+Blocks.h"; sourceTree = "<group>"; };
		5B200F2A1C02BD0A00492434 /* NSTimer+Blocks.m */ = {isa = PBXFileReference; fileEncoding = 4; lastKnownFileType = sourcecode.c.objc; path = "NSTimer+Blocks.m"; sourceTree = "<group>"; };
		5B200F2F1C02BD5000492434 /* UIButton+BackgroundColor.h */ = {isa = PBXFileReference; fileEncoding = 4; lastKnownFileType = sourcecode.c.h; path = "UIButton+BackgroundColor.h"; sourceTree = "<group>"; };
		5B200F301C02BD5000492434 /* UIButton+BackgroundColor.m */ = {isa = PBXFileReference; fileEncoding = 4; lastKnownFileType = sourcecode.c.objc; path = "UIButton+BackgroundColor.m"; sourceTree = "<group>"; };
		5B200F311C02BD5000492434 /* UIButton+Block.h */ = {isa = PBXFileReference; fileEncoding = 4; lastKnownFileType = sourcecode.c.h; path = "UIButton+Block.h"; sourceTree = "<group>"; };
		5B200F321C02BD5000492434 /* UIButton+Block.m */ = {isa = PBXFileReference; fileEncoding = 4; lastKnownFileType = sourcecode.c.objc; path = "UIButton+Block.m"; sourceTree = "<group>"; };
		5B200F331C02BD5000492434 /* UIButton+CountDown.h */ = {isa = PBXFileReference; fileEncoding = 4; lastKnownFileType = sourcecode.c.h; path = "UIButton+CountDown.h"; sourceTree = "<group>"; };
		5B200F341C02BD5000492434 /* UIButton+CountDown.m */ = {isa = PBXFileReference; fileEncoding = 4; lastKnownFileType = sourcecode.c.objc; path = "UIButton+CountDown.m"; sourceTree = "<group>"; };
		5B200F351C02BD5000492434 /* UIButton+Indicator.h */ = {isa = PBXFileReference; fileEncoding = 4; lastKnownFileType = sourcecode.c.h; path = "UIButton+Indicator.h"; sourceTree = "<group>"; };
		5B200F361C02BD5000492434 /* UIButton+Indicator.m */ = {isa = PBXFileReference; fileEncoding = 4; lastKnownFileType = sourcecode.c.objc; path = "UIButton+Indicator.m"; sourceTree = "<group>"; };
		5B200F371C02BD5000492434 /* UIButton+Submitting.h */ = {isa = PBXFileReference; fileEncoding = 4; lastKnownFileType = sourcecode.c.h; path = "UIButton+Submitting.h"; sourceTree = "<group>"; };
		5B200F381C02BD5000492434 /* UIButton+Submitting.m */ = {isa = PBXFileReference; fileEncoding = 4; lastKnownFileType = sourcecode.c.objc; path = "UIButton+Submitting.m"; sourceTree = "<group>"; };
		5B200F3A1C02BD5000492434 /* UIDevice+Hardware.h */ = {isa = PBXFileReference; fileEncoding = 4; lastKnownFileType = sourcecode.c.h; path = "UIDevice+Hardware.h"; sourceTree = "<group>"; };
		5B200F3B1C02BD5000492434 /* UIDevice+Hardware.m */ = {isa = PBXFileReference; fileEncoding = 4; lastKnownFileType = sourcecode.c.objc; path = "UIDevice+Hardware.m"; sourceTree = "<group>"; };
		5B200F3D1C02BD5000492434 /* UIImage+Alpha.h */ = {isa = PBXFileReference; fileEncoding = 4; lastKnownFileType = sourcecode.c.h; path = "UIImage+Alpha.h"; sourceTree = "<group>"; };
		5B200F3E1C02BD5000492434 /* UIImage+Alpha.m */ = {isa = PBXFileReference; fileEncoding = 4; lastKnownFileType = sourcecode.c.objc; path = "UIImage+Alpha.m"; sourceTree = "<group>"; };
		5B200F3F1C02BD5000492434 /* UIImage+animatedGIF.h */ = {isa = PBXFileReference; fileEncoding = 4; lastKnownFileType = sourcecode.c.h; path = "UIImage+animatedGIF.h"; sourceTree = "<group>"; };
		5B200F401C02BD5000492434 /* UIImage+animatedGIF.m */ = {isa = PBXFileReference; fileEncoding = 4; lastKnownFileType = sourcecode.c.objc; path = "UIImage+animatedGIF.m"; sourceTree = "<group>"; };
		5B200F411C02BD5000492434 /* UIImage+Capture.h */ = {isa = PBXFileReference; fileEncoding = 4; lastKnownFileType = sourcecode.c.h; path = "UIImage+Capture.h"; sourceTree = "<group>"; };
		5B200F421C02BD5000492434 /* UIImage+Capture.m */ = {isa = PBXFileReference; fileEncoding = 4; lastKnownFileType = sourcecode.c.objc; path = "UIImage+Capture.m"; sourceTree = "<group>"; };
		5B200F431C02BD5000492434 /* UIImage+Color.h */ = {isa = PBXFileReference; fileEncoding = 4; lastKnownFileType = sourcecode.c.h; path = "UIImage+Color.h"; sourceTree = "<group>"; };
		5B200F441C02BD5000492434 /* UIImage+Color.m */ = {isa = PBXFileReference; fileEncoding = 4; lastKnownFileType = sourcecode.c.objc; path = "UIImage+Color.m"; sourceTree = "<group>"; };
		5B200F451C02BD5000492434 /* UIImage+FileName.h */ = {isa = PBXFileReference; fileEncoding = 4; lastKnownFileType = sourcecode.c.h; path = "UIImage+FileName.h"; sourceTree = "<group>"; };
		5B200F461C02BD5000492434 /* UIImage+FileName.m */ = {isa = PBXFileReference; fileEncoding = 4; lastKnownFileType = sourcecode.c.objc; path = "UIImage+FileName.m"; sourceTree = "<group>"; };
		5B200F471C02BD5000492434 /* UIImage+FX.h */ = {isa = PBXFileReference; fileEncoding = 4; lastKnownFileType = sourcecode.c.h; path = "UIImage+FX.h"; sourceTree = "<group>"; };
		5B200F481C02BD5000492434 /* UIImage+FX.m */ = {isa = PBXFileReference; fileEncoding = 4; lastKnownFileType = sourcecode.c.objc; path = "UIImage+FX.m"; sourceTree = "<group>"; };
		5B200F491C02BD5000492434 /* UIImage+GIF.h */ = {isa = PBXFileReference; fileEncoding = 4; lastKnownFileType = sourcecode.c.h; path = "UIImage+GIF.h"; sourceTree = "<group>"; };
		5B200F4A1C02BD5000492434 /* UIImage+GIF.m */ = {isa = PBXFileReference; fileEncoding = 4; lastKnownFileType = sourcecode.c.objc; path = "UIImage+GIF.m"; sourceTree = "<group>"; };
		5B200F4B1C02BD5000492434 /* UIImage+Merge.h */ = {isa = PBXFileReference; fileEncoding = 4; lastKnownFileType = sourcecode.c.h; path = "UIImage+Merge.h"; sourceTree = "<group>"; };
		5B200F4C1C02BD5000492434 /* UIImage+Merge.m */ = {isa = PBXFileReference; fileEncoding = 4; lastKnownFileType = sourcecode.c.objc; path = "UIImage+Merge.m"; sourceTree = "<group>"; };
		5B200F4F1C02BD5000492434 /* UIImage+RemoteSize.h */ = {isa = PBXFileReference; fileEncoding = 4; lastKnownFileType = sourcecode.c.h; path = "UIImage+RemoteSize.h"; sourceTree = "<group>"; };
		5B200F501C02BD5000492434 /* UIImage+RemoteSize.m */ = {isa = PBXFileReference; fileEncoding = 4; lastKnownFileType = sourcecode.c.objc; path = "UIImage+RemoteSize.m"; sourceTree = "<group>"; };
		5B200F531C02BD5000492434 /* UIImage+RoundedCorner.h */ = {isa = PBXFileReference; fileEncoding = 4; lastKnownFileType = sourcecode.c.h; path = "UIImage+RoundedCorner.h"; sourceTree = "<group>"; };
		5B200F541C02BD5000492434 /* UIImage+RoundedCorner.m */ = {isa = PBXFileReference; fileEncoding = 4; lastKnownFileType = sourcecode.c.objc; path = "UIImage+RoundedCorner.m"; sourceTree = "<group>"; };
		5B200F6C1C02BE7900492434 /* UIViewController+MJPopupViewController.h */ = {isa = PBXFileReference; fileEncoding = 4; lastKnownFileType = sourcecode.c.h; path = "UIViewController+MJPopupViewController.h"; sourceTree = "<group>"; };
		5B200F6D1C02BE7900492434 /* UIViewController+MJPopupViewController.m */ = {isa = PBXFileReference; fileEncoding = 4; lastKnownFileType = sourcecode.c.objc; path = "UIViewController+MJPopupViewController.m"; sourceTree = "<group>"; };
		5B200F701C02BE7900492434 /* UIViewController+TopBarMessage.h */ = {isa = PBXFileReference; fileEncoding = 4; lastKnownFileType = sourcecode.c.h; path = "UIViewController+TopBarMessage.h"; sourceTree = "<group>"; };
		5B200F711C02BE7900492434 /* UIViewController+TopBarMessage.m */ = {isa = PBXFileReference; fileEncoding = 4; lastKnownFileType = sourcecode.c.objc; path = "UIViewController+TopBarMessage.m"; sourceTree = "<group>"; };
		5B200F911C02BFB800492434 /* UIView+BlockGesture.h */ = {isa = PBXFileReference; fileEncoding = 4; lastKnownFileType = sourcecode.c.h; path = "UIView+BlockGesture.h"; sourceTree = "<group>"; };
		5B200F921C02BFB800492434 /* UIView+BlockGesture.m */ = {isa = PBXFileReference; fileEncoding = 4; lastKnownFileType = sourcecode.c.objc; path = "UIView+BlockGesture.m"; sourceTree = "<group>"; };
		5B200F931C02BFB800492434 /* UIView+Constraints.h */ = {isa = PBXFileReference; fileEncoding = 4; lastKnownFileType = sourcecode.c.h; path = "UIView+Constraints.h"; sourceTree = "<group>"; };
		5B200F941C02BFB800492434 /* UIView+Constraints.m */ = {isa = PBXFileReference; fileEncoding = 4; lastKnownFileType = sourcecode.c.objc; path = "UIView+Constraints.m"; sourceTree = "<group>"; };
		5B200F971C02BFB800492434 /* UIView+Find.h */ = {isa = PBXFileReference; fileEncoding = 4; lastKnownFileType = sourcecode.c.h; path = "UIView+Find.h"; sourceTree = "<group>"; };
		5B200F981C02BFB800492434 /* UIView+Find.m */ = {isa = PBXFileReference; fileEncoding = 4; lastKnownFileType = sourcecode.c.objc; path = "UIView+Find.m"; sourceTree = "<group>"; };
		5B200F991C02BFB800492434 /* UIView+Frame.h */ = {isa = PBXFileReference; fileEncoding = 4; lastKnownFileType = sourcecode.c.h; path = "UIView+Frame.h"; sourceTree = "<group>"; };
		5B200F9A1C02BFB800492434 /* UIView+Frame.m */ = {isa = PBXFileReference; fileEncoding = 4; lastKnownFileType = sourcecode.c.objc; path = "UIView+Frame.m"; sourceTree = "<group>"; };
		5B200F9B1C02BFB800492434 /* UIView+Nib.h */ = {isa = PBXFileReference; fileEncoding = 4; lastKnownFileType = sourcecode.c.h; path = "UIView+Nib.h"; sourceTree = "<group>"; };
		5B200F9C1C02BFB800492434 /* UIView+Nib.m */ = {isa = PBXFileReference; fileEncoding = 4; lastKnownFileType = sourcecode.c.objc; path = "UIView+Nib.m"; sourceTree = "<group>"; };
		5B200F9F1C02BFB800492434 /* UIView+Screenshot.h */ = {isa = PBXFileReference; fileEncoding = 4; lastKnownFileType = sourcecode.c.h; path = "UIView+Screenshot.h"; sourceTree = "<group>"; };
		5B200FA01C02BFB800492434 /* UIView+Screenshot.m */ = {isa = PBXFileReference; fileEncoding = 4; lastKnownFileType = sourcecode.c.objc; path = "UIView+Screenshot.m"; sourceTree = "<group>"; };
		5B200FA11C02BFB800492434 /* UIView+Toast.h */ = {isa = PBXFileReference; fileEncoding = 4; lastKnownFileType = sourcecode.c.h; path = "UIView+Toast.h"; sourceTree = "<group>"; };
		5B200FA21C02BFB800492434 /* UIView+Toast.m */ = {isa = PBXFileReference; fileEncoding = 4; lastKnownFileType = sourcecode.c.objc; path = "UIView+Toast.m"; sourceTree = "<group>"; };
		5B200FB11C02C0F400492434 /* UITextField+Blocks.h */ = {isa = PBXFileReference; fileEncoding = 4; lastKnownFileType = sourcecode.c.h; path = "UITextField+Blocks.h"; sourceTree = "<group>"; };
		5B200FB21C02C0F400492434 /* UITextField+Blocks.m */ = {isa = PBXFileReference; fileEncoding = 4; lastKnownFileType = sourcecode.c.objc; path = "UITextField+Blocks.m"; sourceTree = "<group>"; };
		5B200FB41C02C0F400492434 /* UITextView+PlaceHolder.h */ = {isa = PBXFileReference; fileEncoding = 4; lastKnownFileType = sourcecode.c.h; path = "UITextView+PlaceHolder.h"; sourceTree = "<group>"; };
		5B200FB51C02C0F400492434 /* UITextView+PlaceHolder.m */ = {isa = PBXFileReference; fileEncoding = 4; lastKnownFileType = sourcecode.c.objc; path = "UITextView+PlaceHolder.m"; sourceTree = "<group>"; };
		5B200FB81C02C3E100492434 /* UI_Categories.h */ = {isa = PBXFileReference; lastKnownFileType = sourcecode.c.h; path = UI_Categories.h; sourceTree = "<group>"; };
		5B200FEB1C02F11400492434 /* Foundation_Category.h */ = {isa = PBXFileReference; lastKnownFileType = sourcecode.c.h; path = Foundation_Category.h; sourceTree = "<group>"; };
/* End PBXFileReference section */

/* Begin PBXFrameworksBuildPhase section */
		5B1DB7A31C00450A00712397 /* Frameworks */ = {
			isa = PBXFrameworksBuildPhase;
			buildActionMask = 2147483647;
			files = (
			);
			runOnlyForDeploymentPostprocessing = 0;
		};
/* End PBXFrameworksBuildPhase section */

/* Begin PBXGroup section */
		5B1DB79D1C00450A00712397 = {
			isa = PBXGroup;
			children = (
				5B1DB7A81C00450A00712397 /* iOS_Category */,
				5B1DB7A71C00450A00712397 /* Products */,
			);
			sourceTree = "<group>";
		};
		5B1DB7A71C00450A00712397 /* Products */ = {
			isa = PBXGroup;
			children = (
				5B1DB7A61C00450A00712397 /* iOS_Category.app */,
			);
			name = Products;
			sourceTree = "<group>";
		};
		5B1DB7A81C00450A00712397 /* iOS_Category */ = {
			isa = PBXGroup;
			children = (
				5B1DB7C01C00480800712397 /* Classes */,
				5B1DB7AC1C00450A00712397 /* AppDelegate.h */,
				5B1DB7AD1C00450A00712397 /* AppDelegate.m */,
				5B1DB7AF1C00450A00712397 /* ViewController.h */,
				5B1DB7B01C00450A00712397 /* ViewController.m */,
				5B1DB7B21C00450A00712397 /* Main.storyboard */,
				5B1DB7B51C00450A00712397 /* Assets.xcassets */,
				5B1DB7B71C00450A00712397 /* LaunchScreen.storyboard */,
				5B1DB7BA1C00450A00712397 /* Info.plist */,
				5B1DB7A91C00450A00712397 /* Supporting Files */,
			);
			path = iOS_Category;
			sourceTree = "<group>";
		};
		5B1DB7A91C00450A00712397 /* Supporting Files */ = {
			isa = PBXGroup;
			children = (
				5B1DB7AA1C00450A00712397 /* main.m */,
			);
			name = "Supporting Files";
			sourceTree = "<group>";
		};
		5B1DB7C01C00480800712397 /* Classes */ = {
			isa = PBXGroup;
			children = (
				5B200F2D1C02BD5000492434 /* UIKit */,
				5B200EAC1C02B99D00492434 /* Foundation */,
			);
			path = Classes;
			sourceTree = "<group>";
		};
		5B200EAC1C02B99D00492434 /* Foundation */ = {
			isa = PBXGroup;
			children = (
				5B200F261C02BD0A00492434 /* NSTimer */,
				5B200F151C02BCCF00492434 /* NSDateFormatter */,
				5B200F181C02BCCF00492434 /* NSDictionary */,
				5B200EE21C02BB8F00492434 /* NSArray */,
				5B200EE71C02BB8F00492434 /* NSDate */,
				5B200EF01C02BB8F00492434 /* NSObject */,
				5B200ED51C02B9D000492434 /* NSData */,
				5B200EAD1C02B99D00492434 /* NSString */,
				5B200FEB1C02F11400492434 /* Foundation_Category.h */,
			);
			path = Foundation;
			sourceTree = "<group>";
		};
		5B200EAD1C02B99D00492434 /* NSString */ = {
			isa = PBXGroup;
			children = (
				5B200EB01C02B99D00492434 /* NSString+Contains.h */,
				5B200EB11C02B99D00492434 /* NSString+Contains.m */,
				5B200EB21C02B99D00492434 /* NSString+DictionaryValue.h */,
				5B200EB31C02B99D00492434 /* NSString+DictionaryValue.m */,
				5B200EB41C02B99D00492434 /* NSString+Emoji.h */,
				5B200EB51C02B99D00492434 /* NSString+Emoji.m */,
				5B200EB81C02B99D00492434 /* NSString+Hash.h */,
				5B200EB91C02B99D00492434 /* NSString+Hash.m */,
				5B200EBA1C02B99D00492434 /* NSString+MIME.h */,
				5B200EBB1C02B99D00492434 /* NSString+MIME.m */,
				5B200EBC1C02B99D00492434 /* NSString+RemoveEmoji.h */,
				5B200EBD1C02B99D00492434 /* NSString+RemoveEmoji.m */,
				5B200EC01C02B99D00492434 /* NSString+Trims.h */,
				5B200EC11C02B99D00492434 /* NSString+Trims.m */,
				5B200EC21C02B99D00492434 /* NSString+UrlEncode.h */,
				5B200EC31C02B99D00492434 /* NSString+UrlEncode.m */,
				5B200EC41C02B99D00492434 /* NSString+Util.h */,
				5B200EC51C02B99D00492434 /* NSString+Util.m */,
				5B200EC61C02B99D00492434 /* NSString+UUID.h */,
				5B200EC71C02B99D00492434 /* NSString+UUID.m */,
			);
			path = NSString;
			sourceTree = "<group>";
		};
		5B200ED51C02B9D000492434 /* NSData */ = {
			isa = PBXGroup;
			children = (
				5B200ED81C02B9D000492434 /* NSData+Encrypt.h */,
				5B200ED91C02B9D000492434 /* NSData+Encrypt.m */,
				5B200EDC1C02B9D000492434 /* NSData+SDDataCache.h */,
				5B200EDD1C02B9D000492434 /* NSData+SDDataCache.m */,
			);
			path = NSData;
			sourceTree = "<group>";
		};
		5B200EE21C02BB8F00492434 /* NSArray */ = {
			isa = PBXGroup;
			children = (
				5B200EE31C02BB8F00492434 /* NSArray+Block.h */,
				5B200EE41C02BB8F00492434 /* NSArray+Block.m */,
				5B200EE51C02BB8F00492434 /* NSArray+SafeAccess.h */,
				5B200EE61C02BB8F00492434 /* NSArray+SafeAccess.m */,
			);
			path = NSArray;
			sourceTree = "<group>";
		};
		5B200EE71C02BB8F00492434 /* NSDate */ = {
			isa = PBXGroup;
			children = (
				5B200EE81C02BB8F00492434 /* NSDate+Extension.h */,
				5B200EE91C02BB8F00492434 /* NSDate+Extension.m */,
				5B200EEA1C02BB8F00492434 /* NSDate+Formatter.h */,
				5B200EEB1C02BB8F00492434 /* NSDate+Formatter.m */,
				5B200EEC1C02BB8F00492434 /* NSDate+Reporting.h */,
				5B200EED1C02BB8F00492434 /* NSDate+Reporting.m */,
				5B200EEE1C02BB8F00492434 /* NSDate+Utilities.h */,
				5B200EEF1C02BB8F00492434 /* NSDate+Utilities.m */,
			);
			path = NSDate;
			sourceTree = "<group>";
		};
		5B200EF01C02BB8F00492434 /* NSObject */ = {
			isa = PBXGroup;
			children = (
				5B200EF31C02BB8F00492434 /* NSObject+AddProperty.h */,
				5B200EF41C02BB8F00492434 /* NSObject+AddProperty.m */,
				5B200EF51C02BB8F00492434 /* NSObject+AssociatedObject.h */,
				5B200EF61C02BB8F00492434 /* NSObject+AssociatedObject.m */,
				5B200EF91C02BB8F00492434 /* NSObject+Blocks.h */,
				5B200EFA1C02BB8F00492434 /* NSObject+Blocks.m */,
				5B200EFB1C02BB8F00492434 /* NSObject+GCD.h */,
				5B200EFC1C02BB8F00492434 /* NSObject+GCD.m */,
				5B200EFD1C02BB8F00492434 /* NSObject+KVOBlocks.h */,
				5B200EFE1C02BB8F00492434 /* NSObject+KVOBlocks.m */,
				5B200EFF1C02BB8F00492434 /* NSObject+MKBlockTimer.h */,
				5B200F001C02BB8F00492434 /* NSObject+MKBlockTimer.m */,
				5B200F011C02BB8F00492434 /* NSObject+Property.h */,
				5B200F021C02BB8F00492434 /* NSObject+Property.m */,
				5B200F031C02BB8F00492434 /* NSObject+Runtime.h */,
				5B200F041C02BB8F00492434 /* NSObject+Runtime.m */,
			);
			path = NSObject;
			sourceTree = "<group>";
		};
		5B200F151C02BCCF00492434 /* NSDateFormatter */ = {
			isa = PBXGroup;
			children = (
				5B200F161C02BCCF00492434 /* NSDateFormatter+Make.h */,
				5B200F171C02BCCF00492434 /* NSDateFormatter+Make.m */,
			);
			path = NSDateFormatter;
			sourceTree = "<group>";
		};
		5B200F181C02BCCF00492434 /* NSDictionary */ = {
			isa = PBXGroup;
			children = (
				5B200F191C02BCCF00492434 /* NSDictionary+Block.h */,
				5B200F1A1C02BCCF00492434 /* NSDictionary+Block.m */,
				5B200F1B1C02BCCF00492434 /* NSDictionary+JSONString.h */,
				5B200F1C1C02BCCF00492434 /* NSDictionary+JSONString.m */,
				5B200F1D1C02BCCF00492434 /* NSDictionary+Merge.h */,
				5B200F1E1C02BCCF00492434 /* NSDictionary+Merge.m */,
				5B200F1F1C02BCCF00492434 /* NSDictionary+SafeAccess.h */,
				5B200F201C02BCCF00492434 /* NSDictionary+SafeAccess.m */,
			);
			path = NSDictionary;
			sourceTree = "<group>";
		};
		5B200F261C02BD0A00492434 /* NSTimer */ = {
			isa = PBXGroup;
			children = (
				5B200F271C02BD0A00492434 /* NSTimer+Addition.h */,
				5B200F281C02BD0A00492434 /* NSTimer+Addition.m */,
				5B200F291C02BD0A00492434 /* NSTimer+Blocks.h */,
				5B200F2A1C02BD0A00492434 /* NSTimer+Blocks.m */,
			);
			path = NSTimer;
			sourceTree = "<group>";
		};
		5B200F2D1C02BD5000492434 /* UIKit */ = {
			isa = PBXGroup;
			children = (
				5B200FB01C02C0F400492434 /* UITextField */,
				5B200FB31C02C0F400492434 /* UITextView */,
				5B200F8E1C02BFB800492434 /* UIView */,
				5B200F6B1C02BE7900492434 /* UIViewController */,
				5B200F2E1C02BD5000492434 /* UIButton */,
				5B200F391C02BD5000492434 /* UIDevice */,
				5B200F3C1C02BD5000492434 /* UIImage */,
				5B200FB81C02C3E100492434 /* UI_Categories.h */,
			);
			path = UIKit;
			sourceTree = "<group>";
		};
		5B200F2E1C02BD5000492434 /* UIButton */ = {
			isa = PBXGroup;
			children = (
				5B200F2F1C02BD5000492434 /* UIButton+BackgroundColor.h */,
				5B200F301C02BD5000492434 /* UIButton+BackgroundColor.m */,
				5B200F311C02BD5000492434 /* UIButton+Block.h */,
				5B200F321C02BD5000492434 /* UIButton+Block.m */,
				5B200F331C02BD5000492434 /* UIButton+CountDown.h */,
				5B200F341C02BD5000492434 /* UIButton+CountDown.m */,
				5B200F351C02BD5000492434 /* UIButton+Indicator.h */,
				5B200F361C02BD5000492434 /* UIButton+Indicator.m */,
				5B200F371C02BD5000492434 /* UIButton+Submitting.h */,
				5B200F381C02BD5000492434 /* UIButton+Submitting.m */,
			);
			path = UIButton;
			sourceTree = "<group>";
		};
		5B200F391C02BD5000492434 /* UIDevice */ = {
			isa = PBXGroup;
			children = (
				5B200F3A1C02BD5000492434 /* UIDevice+Hardware.h */,
				5B200F3B1C02BD5000492434 /* UIDevice+Hardware.m */,
			);
			path = UIDevice;
			sourceTree = "<group>";
		};
		5B200F3C1C02BD5000492434 /* UIImage */ = {
			isa = PBXGroup;
			children = (
				5B200F3D1C02BD5000492434 /* UIImage+Alpha.h */,
				5B200F3E1C02BD5000492434 /* UIImage+Alpha.m */,
				5B200F3F1C02BD5000492434 /* UIImage+animatedGIF.h */,
				5B200F401C02BD5000492434 /* UIImage+animatedGIF.m */,
				5B200F411C02BD5000492434 /* UIImage+Capture.h */,
				5B200F421C02BD5000492434 /* UIImage+Capture.m */,
				5B200F431C02BD5000492434 /* UIImage+Color.h */,
				5B200F441C02BD5000492434 /* UIImage+Color.m */,
				5B200F451C02BD5000492434 /* UIImage+FileName.h */,
				5B200F461C02BD5000492434 /* UIImage+FileName.m */,
				5B200F471C02BD5000492434 /* UIImage+FX.h */,
				5B200F481C02BD5000492434 /* UIImage+FX.m */,
				5B200F491C02BD5000492434 /* UIImage+GIF.h */,
				5B200F4A1C02BD5000492434 /* UIImage+GIF.m */,
				5B200F4B1C02BD5000492434 /* UIImage+Merge.h */,
				5B200F4C1C02BD5000492434 /* UIImage+Merge.m */,
				5B200F4F1C02BD5000492434 /* UIImage+RemoteSize.h */,
				5B200F501C02BD5000492434 /* UIImage+RemoteSize.m */,
				5B200F531C02BD5000492434 /* UIImage+RoundedCorner.h */,
				5B200F541C02BD5000492434 /* UIImage+RoundedCorner.m */,
			);
			path = UIImage;
			sourceTree = "<group>";
		};
		5B200F6B1C02BE7900492434 /* UIViewController */ = {
			isa = PBXGroup;
			children = (
				5B200F6C1C02BE7900492434 /* UIViewController+MJPopupViewController.h */,
				5B200F6D1C02BE7900492434 /* UIViewController+MJPopupViewController.m */,
				5B200F701C02BE7900492434 /* UIViewController+TopBarMessage.h */,
				5B200F711C02BE7900492434 /* UIViewController+TopBarMessage.m */,
			);
			path = UIViewController;
			sourceTree = "<group>";
		};
		5B200F8E1C02BFB800492434 /* UIView */ = {
			isa = PBXGroup;
			children = (
				5B200F911C02BFB800492434 /* UIView+BlockGesture.h */,
				5B200F921C02BFB800492434 /* UIView+BlockGesture.m */,
				5B200F931C02BFB800492434 /* UIView+Constraints.h */,
				5B200F941C02BFB800492434 /* UIView+Constraints.m */,
				5B200F971C02BFB800492434 /* UIView+Find.h */,
				5B200F981C02BFB800492434 /* UIView+Find.m */,
				5B200F991C02BFB800492434 /* UIView+Frame.h */,
				5B200F9A1C02BFB800492434 /* UIView+Frame.m */,
				5B200F9B1C02BFB800492434 /* UIView+Nib.h */,
				5B200F9C1C02BFB800492434 /* UIView+Nib.m */,
				5B200F9F1C02BFB800492434 /* UIView+Screenshot.h */,
				5B200FA01C02BFB800492434 /* UIView+Screenshot.m */,
				5B200FA11C02BFB800492434 /* UIView+Toast.h */,
				5B200FA21C02BFB800492434 /* UIView+Toast.m */,
			);
			path = UIView;
			sourceTree = "<group>";
		};
		5B200FB01C02C0F400492434 /* UITextField */ = {
			isa = PBXGroup;
			children = (
				5B200FB11C02C0F400492434 /* UITextField+Blocks.h */,
				5B200FB21C02C0F400492434 /* UITextField+Blocks.m */,
			);
			path = UITextField;
			sourceTree = "<group>";
		};
		5B200FB31C02C0F400492434 /* UITextView */ = {
			isa = PBXGroup;
			children = (
				5B200FB41C02C0F400492434 /* UITextView+PlaceHolder.h */,
				5B200FB51C02C0F400492434 /* UITextView+PlaceHolder.m */,
			);
			path = UITextView;
			sourceTree = "<group>";
		};
/* End PBXGroup section */

/* Begin PBXNativeTarget section */
		5B1DB7A51C00450A00712397 /* iOS_Category */ = {
			isa = PBXNativeTarget;
			buildConfigurationList = 5B1DB7BD1C00450A00712397 /* Build configuration list for PBXNativeTarget "iOS_Category" */;
			buildPhases = (
				5B1DB7A21C00450A00712397 /* Sources */,
				5B1DB7A31C00450A00712397 /* Frameworks */,
				5B1DB7A41C00450A00712397 /* Resources */,
			);
			buildRules = (
			);
			dependencies = (
			);
			name = iOS_Category;
			productName = iOS_Category;
			productReference = 5B1DB7A61C00450A00712397 /* iOS_Category.app */;
			productType = "com.apple.product-type.application";
		};
/* End PBXNativeTarget section */

/* Begin PBXProject section */
		5B1DB79E1C00450A00712397 /* Project object */ = {
			isa = PBXProject;
			attributes = {
				LastUpgradeCheck = 0710;
				ORGANIZATIONNAME = YYQ;
				TargetAttributes = {
					5B1DB7A51C00450A00712397 = {
						CreatedOnToolsVersion = 7.1;
					};
				};
			};
			buildConfigurationList = 5B1DB7A11C00450A00712397 /* Build configuration list for PBXProject "iOS_Category" */;
			compatibilityVersion = "Xcode 3.2";
			developmentRegion = English;
			hasScannedForEncodings = 0;
			knownRegions = (
				en,
				Base,
			);
			mainGroup = 5B1DB79D1C00450A00712397;
			productRefGroup = 5B1DB7A71C00450A00712397 /* Products */;
			projectDirPath = "";
			projectRoot = "";
			targets = (
				5B1DB7A51C00450A00712397 /* iOS_Category */,
			);
		};
/* End PBXProject section */

/* Begin PBXResourcesBuildPhase section */
		5B1DB7A41C00450A00712397 /* Resources */ = {
			isa = PBXResourcesBuildPhase;
			buildActionMask = 2147483647;
			files = (
				5B1DB7B91C00450A00712397 /* LaunchScreen.storyboard in Resources */,
				5B1DB7B61C00450A00712397 /* Assets.xcassets in Resources */,
				5B1DB7B41C00450A00712397 /* Main.storyboard in Resources */,
			);
			runOnlyForDeploymentPostprocessing = 0;
		};
/* End PBXResourcesBuildPhase section */

/* Begin PBXSourcesBuildPhase section */
		5B1DB7A21C00450A00712397 /* Sources */ = {
			isa = PBXSourcesBuildPhase;
			buildActionMask = 2147483647;
			files = (
				5B200F0D1C02BB8F00492434 /* NSObject+AssociatedObject.m in Sources */,
				5B200F851C02BE7900492434 /* UIViewController+TopBarMessage.m in Sources */,
				5B200F5D1C02BD5000492434 /* UIDevice+Hardware.m in Sources */,
				5B200FB71C02C0F400492434 /* UITextView+PlaceHolder.m in Sources */,
				5B200F081C02BB8F00492434 /* NSDate+Formatter.m in Sources */,
				5B200F051C02BB8F00492434 /* NSArray+Block.m in Sources */,
				5B200F251C02BCCF00492434 /* NSDictionary+SafeAccess.m in Sources */,
				5B200FB61C02C0F400492434 /* UITextField+Blocks.m in Sources */,
				5B200F631C02BD5000492434 /* UIImage+FX.m in Sources */,
				5B200FAE1C02BFB800492434 /* UIView+Toast.m in Sources */,
				5B200F111C02BB8F00492434 /* NSObject+KVOBlocks.m in Sources */,
				5B200FA71C02BFB800492434 /* UIView+Constraints.m in Sources */,
				5B200ED11C02B99D00492434 /* NSString+Trims.m in Sources */,
				5B200ECE1C02B99D00492434 /* NSString+MIME.m in Sources */,
				5B1DB7B11C00450A00712397 /* ViewController.m in Sources */,
				5B200F831C02BE7900492434 /* UIViewController+MJPopupViewController.m in Sources */,
				5B200ED41C02B99D00492434 /* NSString+UUID.m in Sources */,
				5B200F591C02BD5000492434 /* UIButton+Block.m in Sources */,
				5B200F061C02BB8F00492434 /* NSArray+SafeAccess.m in Sources */,
				5B200F691C02BD5000492434 /* UIImage+RoundedCorner.m in Sources */,
				5B200ECB1C02B99D00492434 /* NSString+Emoji.m in Sources */,
				5B1DB7AE1C00450A00712397 /* AppDelegate.m in Sources */,
				5B200F2B1C02BD0A00492434 /* NSTimer+Addition.m in Sources */,
				5B200F211C02BCCF00492434 /* NSDateFormatter+Make.m in Sources */,
				5B200F221C02BCCF00492434 /* NSDictionary+Block.m in Sources */,
				5B200F5A1C02BD5000492434 /* UIButton+CountDown.m in Sources */,
				5B200FAB1C02BFB800492434 /* UIView+Nib.m in Sources */,
				5B200F601C02BD5000492434 /* UIImage+Capture.m in Sources */,
				5B200F611C02BD5000492434 /* UIImage+Color.m in Sources */,
				5B200F241C02BCCF00492434 /* NSDictionary+Merge.m in Sources */,
				5B200F5C1C02BD5000492434 /* UIButton+Submitting.m in Sources */,
				5B200F671C02BD5000492434 /* UIImage+RemoteSize.m in Sources */,
				5B200F071C02BB8F00492434 /* NSDate+Extension.m in Sources */,
				5B200F651C02BD5000492434 /* UIImage+Merge.m in Sources */,
				5B200F0F1C02BB8F00492434 /* NSObject+Blocks.m in Sources */,
				5B200F2C1C02BD0A00492434 /* NSTimer+Blocks.m in Sources */,
				5B200FA91C02BFB800492434 /* UIView+Find.m in Sources */,
				5B200ECD1C02B99D00492434 /* NSString+Hash.m in Sources */,
				5B200ED31C02B99D00492434 /* NSString+Util.m in Sources */,
				5B200F121C02BB8F00492434 /* NSObject+MKBlockTimer.m in Sources */,
				5B200F101C02BB8F00492434 /* NSObject+GCD.m in Sources */,
				5B200EE11C02B9D000492434 /* NSData+SDDataCache.m in Sources */,
				5B200F641C02BD5000492434 /* UIImage+GIF.m in Sources */,
				5B200F0A1C02BB8F00492434 /* NSDate+Utilities.m in Sources */,
				5B200F5B1C02BD5000492434 /* UIButton+Indicator.m in Sources */,
				5B200F141C02BB8F00492434 /* NSObject+Runtime.m in Sources */,
				5B200F581C02BD5000492434 /* UIButton+BackgroundColor.m in Sources */,
				5B200F0C1C02BB8F00492434 /* NSObject+AddProperty.m in Sources */,
				5B200F5F1C02BD5000492434 /* UIImage+animatedGIF.m in Sources */,
				5B200F091C02BB8F00492434 /* NSDate+Reporting.m in Sources */,
				5B200ED21C02B99D00492434 /* NSString+UrlEncode.m in Sources */,
				5B200FAD1C02BFB800492434 /* UIView+Screenshot.m in Sources */,
				5B200F621C02BD5000492434 /* UIImage+FileName.m in Sources */,
				5B200ECA1C02B99D00492434 /* NSString+DictionaryValue.m in Sources */,
				5B200F5E1C02BD5000492434 /* UIImage+Alpha.m in Sources */,
				5B200FAA1C02BFB800492434 /* UIView+Frame.m in Sources */,
				5B200ECF1C02B99D00492434 /* NSString+RemoveEmoji.m in Sources */,
				5B200FA61C02BFB800492434 /* UIView+BlockGesture.m in Sources */,
				5B1DB7AB1C00450A00712397 /* main.m in Sources */,
				5B200EDF1C02B9D000492434 /* NSData+Encrypt.m in Sources */,
				5B200F231C02BCCF00492434 /* NSDictionary+JSONString.m in Sources */,
				5B200F131C02BB8F00492434 /* NSObject+Property.m in Sources */,
				5B200EC91C02B99D00492434 /* NSString+Contains.m in Sources */,
			);
			runOnlyForDeploymentPostprocessing = 0;
		};
/* End PBXSourcesBuildPhase section */

/* Begin PBXVariantGroup section */
		5B1DB7B21C00450A00712397 /* Main.storyboard */ = {
			isa = PBXVariantGroup;
			children = (
				5B1DB7B31C00450A00712397 /* Base */,
			);
			name = Main.storyboard;
			sourceTree = "<group>";
		};
		5B1DB7B71C00450A00712397 /* LaunchScreen.storyboard */ = {
			isa = PBXVariantGroup;
			children = (
				5B1DB7B81C00450A00712397 /* Base */,
			);
			name = LaunchScreen.storyboard;
			sourceTree = "<group>";
		};
/* End PBXVariantGroup section */

/* Begin XCBuildConfiguration section */
		5B1DB7BB1C00450A00712397 /* Debug */ = {
			isa = XCBuildConfiguration;
			buildSettings = {
				ALWAYS_SEARCH_USER_PATHS = NO;
				CLANG_CXX_LANGUAGE_STANDARD = "gnu++0x";
				CLANG_CXX_LIBRARY = "libc++";
				CLANG_ENABLE_MODULES = YES;
				CLANG_ENABLE_OBJC_ARC = YES;
				CLANG_WARN_BOOL_CONVERSION = YES;
				CLANG_WARN_CONSTANT_CONVERSION = YES;
				CLANG_WARN_DIRECT_OBJC_ISA_USAGE = YES_ERROR;
				CLANG_WARN_EMPTY_BODY = YES;
				CLANG_WARN_ENUM_CONVERSION = YES;
				CLANG_WARN_INT_CONVERSION = YES;
				CLANG_WARN_OBJC_ROOT_CLASS = YES_ERROR;
				CLANG_WARN_UNREACHABLE_CODE = YES;
				CLANG_WARN__DUPLICATE_METHOD_MATCH = YES;
				"CODE_SIGN_IDENTITY[sdk=iphoneos*]" = "iPhone Developer";
				COPY_PHASE_STRIP = NO;
				DEBUG_INFORMATION_FORMAT = dwarf;
				ENABLE_STRICT_OBJC_MSGSEND = YES;
				ENABLE_TESTABILITY = YES;
				GCC_C_LANGUAGE_STANDARD = gnu99;
				GCC_DYNAMIC_NO_PIC = NO;
				GCC_NO_COMMON_BLOCKS = YES;
				GCC_OPTIMIZATION_LEVEL = 0;
				GCC_PREPROCESSOR_DEFINITIONS = (
					"DEBUG=1",
					"$(inherited)",
				);
				GCC_WARN_64_TO_32_BIT_CONVERSION = YES;
				GCC_WARN_ABOUT_RETURN_TYPE = YES_ERROR;
				GCC_WARN_UNDECLARED_SELECTOR = YES;
				GCC_WARN_UNINITIALIZED_AUTOS = YES_AGGRESSIVE;
				GCC_WARN_UNUSED_FUNCTION = YES;
				GCC_WARN_UNUSED_VARIABLE = YES;
				IPHONEOS_DEPLOYMENT_TARGET = 9.1;
				MTL_ENABLE_DEBUG_INFO = YES;
				ONLY_ACTIVE_ARCH = YES;
				SDKROOT = iphoneos;
			};
			name = Debug;
		};
		5B1DB7BC1C00450A00712397 /* Release */ = {
			isa = XCBuildConfiguration;
			buildSettings = {
				ALWAYS_SEARCH_USER_PATHS = NO;
				CLANG_CXX_LANGUAGE_STANDARD = "gnu++0x";
				CLANG_CXX_LIBRARY = "libc++";
				CLANG_ENABLE_MODULES = YES;
				CLANG_ENABLE_OBJC_ARC = YES;
				CLANG_WARN_BOOL_CONVERSION = YES;
				CLANG_WARN_CONSTANT_CONVERSION = YES;
				CLANG_WARN_DIRECT_OBJC_ISA_USAGE = YES_ERROR;
				CLANG_WARN_EMPTY_BODY = YES;
				CLANG_WARN_ENUM_CONVERSION = YES;
				CLANG_WARN_INT_CONVERSION = YES;
				CLANG_WARN_OBJC_ROOT_CLASS = YES_ERROR;
				CLANG_WARN_UNREACHABLE_CODE = YES;
				CLANG_WARN__DUPLICATE_METHOD_MATCH = YES;
				"CODE_SIGN_IDENTITY[sdk=iphoneos*]" = "iPhone Developer";
				COPY_PHASE_STRIP = NO;
				DEBUG_INFORMATION_FORMAT = "dwarf-with-dsym";
				ENABLE_NS_ASSERTIONS = NO;
				ENABLE_STRICT_OBJC_MSGSEND = YES;
				GCC_C_LANGUAGE_STANDARD = gnu99;
				GCC_NO_COMMON_BLOCKS = YES;
				GCC_WARN_64_TO_32_BIT_CONVERSION = YES;
				GCC_WARN_ABOUT_RETURN_TYPE = YES_ERROR;
				GCC_WARN_UNDECLARED_SELECTOR = YES;
				GCC_WARN_UNINITIALIZED_AUTOS = YES_AGGRESSIVE;
				GCC_WARN_UNUSED_FUNCTION = YES;
				GCC_WARN_UNUSED_VARIABLE = YES;
				IPHONEOS_DEPLOYMENT_TARGET = 9.1;
				MTL_ENABLE_DEBUG_INFO = NO;
				SDKROOT = iphoneos;
				VALIDATE_PRODUCT = YES;
			};
			name = Release;
		};
		5B1DB7BE1C00450A00712397 /* Debug */ = {
			isa = XCBuildConfiguration;
			buildSettings = {
				ASSETCATALOG_COMPILER_APPICON_NAME = AppIcon;
				INFOPLIST_FILE = iOS_Category/Info.plist;
				IPHONEOS_DEPLOYMENT_TARGET = 7.0;
				LD_RUNPATH_SEARCH_PATHS = "$(inherited) @executable_path/Frameworks";
				PRODUCT_BUNDLE_IDENTIFIER = "com.yyq.iOS-Category";
				PRODUCT_NAME = "$(TARGET_NAME)";
			};
			name = Debug;
		};
		5B1DB7BF1C00450A00712397 /* Release */ = {
			isa = XCBuildConfiguration;
			buildSettings = {
				ASSETCATALOG_COMPILER_APPICON_NAME = AppIcon;
				INFOPLIST_FILE = iOS_Category/Info.plist;
				IPHONEOS_DEPLOYMENT_TARGET = 7.0;
				LD_RUNPATH_SEARCH_PATHS = "$(inherited) @executable_path/Frameworks";
				PRODUCT_BUNDLE_IDENTIFIER = "com.yyq.iOS-Category";
				PRODUCT_NAME = "$(TARGET_NAME)";
			};
			name = Release;
		};
/* End XCBuildConfiguration section */

/* Begin XCConfigurationList section */
		5B1DB7A11C00450A00712397 /* Build configuration list for PBXProject "iOS_Category" */ = {
			isa = XCConfigurationList;
			buildConfigurations = (
				5B1DB7BB1C00450A00712397 /* Debug */,
				5B1DB7BC1C00450A00712397 /* Release */,
			);
			defaultConfigurationIsVisible = 0;
			defaultConfigurationName = Release;
		};
		5B1DB7BD1C00450A00712397 /* Build configuration list for PBXNativeTarget "iOS_Category" */ = {
			isa = XCConfigurationList;
			buildConfigurations = (
				5B1DB7BE1C00450A00712397 /* Debug */,
				5B1DB7BF1C00450A00712397 /* Release */,
			);
			defaultConfigurationIsVisible = 0;
			defaultConfigurationName = Release;
		};
/* End XCConfigurationList section */
	};
	rootObject = 5B1DB79E1C00450A00712397 /* Project object */;
}
